// !$*UTF8*$!
{
	archiveVersion = 1;
	classes = {
	};
	objectVersion = 50;
	objects = {

/* Begin PBXBuildFile section */
		84CAD33220C4C218001D3152 /* AppDelegate.swift in Sources */ = {isa = PBXBuildFile; fileRef = 84CAD33120C4C218001D3152 /* AppDelegate.swift */; };
		84CAD33420C4C218001D3152 /* ViewController.swift in Sources */ = {isa = PBXBuildFile; fileRef = 84CAD33320C4C218001D3152 /* ViewController.swift */; };
		84CAD33720C4C218001D3152 /* Main.storyboard in Resources */ = {isa = PBXBuildFile; fileRef = 84CAD33520C4C218001D3152 /* Main.storyboard */; };
		84CAD33920C4C219001D3152 /* Assets.xcassets in Resources */ = {isa = PBXBuildFile; fileRef = 84CAD33820C4C219001D3152 /* Assets.xcassets */; };
		84CAD33C20C4C219001D3152 /* LaunchScreen.storyboard in Resources */ = {isa = PBXBuildFile; fileRef = 84CAD33A20C4C219001D3152 /* LaunchScreen.storyboard */; };
		84CAD34420C4C881001D3152 /* Global.swift in Sources */ = {isa = PBXBuildFile; fileRef = 84CAD34320C4C881001D3152 /* Global.swift */; };
		84CAD36420C4DC93001D3152 /* MyList.plist in Resources */ = {isa = PBXBuildFile; fileRef = 84CAD36320C4DC93001D3152 /* MyList.plist */; };
		84CAD36820C4E5D6001D3152 /* DMDatabase.swift in Sources */ = {isa = PBXBuildFile; fileRef = 84CAD36720C4E5D6001D3152 /* DMDatabase.swift */; };
/* End PBXBuildFile section */

/* Begin PBXFileReference section */
		84CAD32E20C4C218001D3152 /* 2018.06.04_1.app */ = {isa = PBXFileReference; explicitFileType = wrapper.application; includeInIndex = 0; path = 2018.06.04_1.app; sourceTree = BUILT_PRODUCTS_DIR; };
		84CAD33120C4C218001D3152 /* AppDelegate.swift */ = {isa = PBXFileReference; lastKnownFileType = sourcecode.swift; path = AppDelegate.swift; sourceTree = "<group>"; };
		84CAD33320C4C218001D3152 /* ViewController.swift */ = {isa = PBXFileReference; lastKnownFileType = sourcecode.swift; path = ViewController.swift; sourceTree = "<group>"; };
		84CAD33620C4C218001D3152 /* Base */ = {isa = PBXFileReference; lastKnownFileType = file.storyboard; name = Base; path = Base.lproj/Main.storyboard; sourceTree = "<group>"; };
		84CAD33820C4C219001D3152 /* Assets.xcassets */ = {isa = PBXFileReference; lastKnownFileType = folder.assetcatalog; path = Assets.xcassets; sourceTree = "<group>"; };
		84CAD33B20C4C219001D3152 /* Base */ = {isa = PBXFileReference; lastKnownFileType = file.storyboard; name = Base; path = Base.lproj/LaunchScreen.storyboard; sourceTree = "<group>"; };
		84CAD33D20C4C219001D3152 /* Info.plist */ = {isa = PBXFileReference; lastKnownFileType = text.plist.xml; path = Info.plist; sourceTree = "<group>"; };
		84CAD34320C4C881001D3152 /* Global.swift */ = {isa = PBXFileReference; lastKnownFileType = sourcecode.swift; path = Global.swift; sourceTree = "<group>"; };
		84CAD36320C4DC93001D3152 /* MyList.plist */ = {isa = PBXFileReference; lastKnownFileType = text.plist.xml; path = MyList.plist; sourceTree = "<group>"; };
		84CAD36720C4E5D6001D3152 /* DMDatabase.swift */ = {isa = PBXFileReference; lastKnownFileType = sourcecode.swift; path = DMDatabase.swift; sourceTree = "<group>"; };
		84CAD36920C51BDA001D3152 /* mydb.sqlite */ = {isa = PBXFileReference; lastKnownFileType = file; path = mydb.sqlite; sourceTree = "<group>"; };
/* End PBXFileReference section */

/* Begin PBXFrameworksBuildPhase section */
		84CAD32B20C4C218001D3152 /* Frameworks */ = {
			isa = PBXFrameworksBuildPhase;
			buildActionMask = 2147483647;
			files = (
			);
			runOnlyForDeploymentPostprocessing = 0;
		};
/* End PBXFrameworksBuildPhase section */

/* Begin PBXGroup section */
		84CAD32520C4C218001D3152 = {
			isa = PBXGroup;
			children = (
				84CAD33020C4C218001D3152 /* 2018.06.04_1 */,
				84CAD32F20C4C218001D3152 /* Products */,
			);
			sourceTree = "<group>";
		};
		84CAD32F20C4C218001D3152 /* Products */ = {
			isa = PBXGroup;
			children = (
				84CAD32E20C4C218001D3152 /* 2018.06.04_1.app */,
			);
			name = Products;
			sourceTree = "<group>";
		};
		84CAD33020C4C218001D3152 /* 2018.06.04_1 */ = {
			isa = PBXGroup;
			children = (
				84CAD33120C4C218001D3152 /* AppDelegate.swift */,
				84CAD33320C4C218001D3152 /* ViewController.swift */,
				84CAD33520C4C218001D3152 /* Main.storyboard */,
				84CAD33820C4C219001D3152 /* Assets.xcassets */,
				84CAD33A20C4C219001D3152 /* LaunchScreen.storyboard */,
				84CAD33D20C4C219001D3152 /* Info.plist */,
				84CAD34320C4C881001D3152 /* Global.swift */,
				84CAD36920C51BDA001D3152 /* mydb.sqlite */,
				84CAD36320C4DC93001D3152 /* MyList.plist */,
				84CAD36720C4E5D6001D3152 /* DMDatabase.swift */,
			);
			path = 2018.06.04_1;
			sourceTree = "<group>";
		};
/* End PBXGroup section */

/* Begin PBXNativeTarget section */
		84CAD32D20C4C218001D3152 /* 2018.06.04_1 */ = {
			isa = PBXNativeTarget;
			buildConfigurationList = 84CAD34020C4C219001D3152 /* Build configuration list for PBXNativeTarget "2018.06.04_1" */;
			buildPhases = (
				84CAD32A20C4C218001D3152 /* Sources */,
				84CAD32B20C4C218001D3152 /* Frameworks */,
				84CAD32C20C4C218001D3152 /* Resources */,
			);
			buildRules = (
			);
			dependencies = (
			);
			name = 2018.06.04_1;
			productName = 2018.06.04_1;
			productReference = 84CAD32E20C4C218001D3152 /* 2018.06.04_1.app */;
			productType = "com.apple.product-type.application";
		};
/* End PBXNativeTarget section */

/* Begin PBXProject section */
		84CAD32620C4C218001D3152 /* Project object */ = {
			isa = PBXProject;
			attributes = {
				LastSwiftUpdateCheck = 0940;
				LastUpgradeCheck = 0940;
				ORGANIZATIONNAME = admin;
				TargetAttributes = {
					84CAD32D20C4C218001D3152 = {
						CreatedOnToolsVersion = 9.4;
					};
				};
			};
			buildConfigurationList = 84CAD32920C4C218001D3152 /* Build configuration list for PBXProject "2018.06.04_1" */;
			compatibilityVersion = "Xcode 9.3";
			developmentRegion = en;
			hasScannedForEncodings = 0;
			knownRegions = (
				en,
				Base,
			);
			mainGroup = 84CAD32520C4C218001D3152;
			productRefGroup = 84CAD32F20C4C218001D3152 /* Products */;
			projectDirPath = "";
			projectRoot = "";
			targets = (
				84CAD32D20C4C218001D3152 /* 2018.06.04_1 */,
			);
		};
/* End PBXProject section */

/* Begin PBXResourcesBuildPhase section */
		84CAD32C20C4C218001D3152 /* Resources */ = {
			isa = PBXResourcesBuildPhase;
			buildActionMask = 2147483647;
			files = (
				84CAD36420C4DC93001D3152 /* MyList.plist in Resources */,
				84CAD33C20C4C219001D3152 /* LaunchScreen.storyboard in Resources */,
				84CAD33920C4C219001D3152 /* Assets.xcassets in Resources */,
				84CAD33720C4C218001D3152 /* Main.storyboard in Resources */,
			);
			runOnlyForDeploymentPostprocessing = 0;
		};
/* End PBXResourcesBuildPhase section */

/* Begin PBXSourcesBuildPhase section */
		84CAD32A20C4C218001D3152 /* Sources */ = {
			isa = PBXSourcesBuildPhase;
			buildActionMask = 2147483647;
			files = (
				84CAD33420C4C218001D3152 /* ViewController.swift in Sources */,
				84CAD36820C4E5D6001D3152 /* DMDatabase.swift in Sources */,
				84CAD33220C4C218001D3152 /* AppDelegate.swift in Sources */,
				84CAD34420C4C881001D3152 /* Global.swift in Sources */,
			);
			runOnlyForDeploymentPostprocessing = 0;
		};
/* End PBXSourcesBuildPhase section */

/* Begin PBXVariantGroup section */
		84CAD33520C4C218001D3152 /* Main.storyboard */ = {
			isa = PBXVariantGroup;
			children = (
				84CAD33620C4C218001D3152 /* Base */,
			);
			name = Main.storyboard;
			sourceTree = "<group>";
		};
		84CAD33A20C4C219001D3152 /* LaunchScreen.storyboard */ = {
			isa = PBXVariantGroup;
			children = (
				84CAD33B20C4C219001D3152 /* Base */,
			);
			name = LaunchScreen.storyboard;
			sourceTree = "<group>";
		};
/* End PBXVariantGroup section */

/* Begin XCBuildConfiguration section */
		84CAD33E20C4C219001D3152 /* Debug */ = {
			isa = XCBuildConfiguration;
			buildSettings = {
				ALWAYS_SEARCH_USER_PATHS = NO;
				CLANG_ANALYZER_NONNULL = YES;
				CLANG_ANALYZER_NUMBER_OBJECT_CONVERSION = YES_AGGRESSIVE;
				CLANG_CXX_LANGUAGE_STANDARD = "gnu++14";
				CLANG_CXX_LIBRARY = "libc++";
				CLANG_ENABLE_MODULES = YES;
				CLANG_ENABLE_OBJC_ARC = YES;
				CLANG_ENABLE_OBJC_WEAK = YES;
				CLANG_WARN_BLOCK_CAPTURE_AUTORELEASING = YES;
				CLANG_WARN_BOOL_CONVERSION = YES;
				CLANG_WARN_COMMA = YES;
				CLANG_WARN_CONSTANT_CONVERSION = YES;
				CLANG_WARN_DEPRECATED_OBJC_IMPLEMENTATIONS = YES;
				CLANG_WARN_DIRECT_OBJC_ISA_USAGE = YES_ERROR;
				CLANG_WARN_DOCUMENTATION_COMMENTS = YES;
				CLANG_WARN_EMPTY_BODY = YES;
				CLANG_WARN_ENUM_CONVERSION = YES;
				CLANG_WARN_INFINITE_RECURSION = YES;
				CLANG_WARN_INT_CONVERSION = YES;
				CLANG_WARN_NON_LITERAL_NULL_CONVERSION = YES;
				CLANG_WARN_OBJC_IMPLICIT_RETAIN_SELF = YES;
				CLANG_WARN_OBJC_LITERAL_CONVERSION = YES;
				CLANG_WARN_OBJC_ROOT_CLASS = YES_ERROR;
				CLANG_WARN_RANGE_LOOP_ANALYSIS = YES;
				CLANG_WARN_STRICT_PROTOTYPES = YES;
				CLANG_WARN_SUSPICIOUS_MOVE = YES;
				CLANG_WARN_UNGUARDED_AVAILABILITY = YES_AGGRESSIVE;
				CLANG_WARN_UNREACHABLE_CODE = YES;
				CLANG_WARN__DUPLICATE_METHOD_MATCH = YES;
				CODE_SIGN_IDENTITY = "iPhone Developer";
				COPY_PHASE_STRIP = NO;
				DEBUG_INFORMATION_FORMAT = dwarf;
				ENABLE_STRICT_OBJC_MSGSEND = YES;
				ENABLE_TESTABILITY = YES;
				GCC_C_LANGUAGE_STANDARD = gnu11;
				GCC_DYNAMIC_NO_PIC = NO;
				GCC_NO_COMMON_BLOCKS = YES;
				GCC_OPTIMIZATION_LEVEL = 0;
				GCC_PREPROCESSOR_DEFINITIONS = (
					"DEBUG=1",
					"$(inherited)",
				);
				GCC_WARN_64_TO_32_BIT_CONVERSION = YES;
				GCC_WARN_ABOUT_RETURN_TYPE = YES_ERROR;
				GCC_WARN_UNDECLARED_SELECTOR = YES;
				GCC_WARN_UNINITIALIZED_AUTOS = YES_AGGRESSIVE;
				GCC_WARN_UNUSED_FUNCTION = YES;
				GCC_WARN_UNUSED_VARIABLE = YES;
				IPHONEOS_DEPLOYMENT_TARGET = 10.0;
				MTL_ENABLE_DEBUG_INFO = YES;
				ONLY_ACTIVE_ARCH = YES;
				SDKROOT = iphoneos;
				SWIFT_ACTIVE_COMPILATION_CONDITIONS = DEBUG;
				SWIFT_OPTIMIZATION_LEVEL = "-Onone";
			};
			name = Debug;
		};
		84CAD33F20C4C219001D3152 /* Release */ = {
			isa = XCBuildConfiguration;
			buildSettings = {
				ALWAYS_SEARCH_USER_PATHS = NO;
				CLANG_ANALYZER_NONNULL = YES;
				CLANG_ANALYZER_NUMBER_OBJECT_CONVERSION = YES_AGGRESSIVE;
				CLANG_CXX_LANGUAGE_STANDARD = "gnu++14";
				CLANG_CXX_LIBRARY = "libc++";
				CLANG_ENABLE_MODULES = YES;
				CLANG_ENABLE_OBJC_ARC = YES;
				CLANG_ENABLE_OBJC_WEAK = YES;
				CLANG_WARN_BLOCK_CAPTURE_AUTORELEASING = YES;
				CLANG_WARN_BOOL_CONVERSION = YES;
				CLANG_WARN_COMMA = YES;
				CLANG_WARN_CONSTANT_CONVERSION = YES;
				CLANG_WARN_DEPRECATED_OBJC_IMPLEMENTATIONS = YES;
				CLANG_WARN_DIRECT_OBJC_ISA_USAGE = YES_ERROR;
				CLANG_WARN_DOCUMENTATION_COMMENTS = YES;
				CLANG_WARN_EMPTY_BODY = YES;
				CLANG_WARN_ENUM_CONVERSION = YES;
				CLANG_WARN_INFINITE_RECURSION = YES;
				CLANG_WARN_INT_CONVERSION = YES;
				CLANG_WARN_NON_LITERAL_NULL_CONVERSION = YES;
				CLANG_WARN_OBJC_IMPLICIT_RETAIN_SELF = YES;
				CLANG_WARN_OBJC_LITERAL_CONVERSION = YES;
				CLANG_WARN_OBJC_ROOT_CLASS = YES_ERROR;
				CLANG_WARN_RANGE_LOOP_ANALYSIS = YES;
				CLANG_WARN_STRICT_PROTOTYPES = YES;
				CLANG_WARN_SUSPICIOUS_MOVE = YES;
				CLANG_WARN_UNGUARDED_AVAILABILITY = YES_AGGRESSIVE;
				CLANG_WARN_UNREACHABLE_CODE = YES;
				CLANG_WARN__DUPLICATE_METHOD_MATCH = YES;
				CODE_SIGN_IDENTITY = "iPhone Developer";
				COPY_PHASE_STRIP = NO;
				DEBUG_INFORMATION_FORMAT = "dwarf-with-dsym";
				ENABLE_NS_ASSERTIONS = NO;
				ENABLE_STRICT_OBJC_MSGSEND = YES;
				GCC_C_LANGUAGE_STANDARD = gnu11;
				GCC_NO_COMMON_BLOCKS = YES;
				GCC_WARN_64_TO_32_BIT_CONVERSION = YES;
				GCC_WARN_ABOUT_RETURN_TYPE = YES_ERROR;
				GCC_WARN_UNDECLARED_SELECTOR = YES;
				GCC_WARN_UNINITIALIZED_AUTOS = YES_AGGRESSIVE;
				GCC_WARN_UNUSED_FUNCTION = YES;
				GCC_WARN_UNUSED_VARIABLE = YES;
				IPHONEOS_DEPLOYMENT_TARGET = 10.0;
				MTL_ENABLE_DEBUG_INFO = NO;
				SDKROOT = iphoneos;
				SWIFT_COMPILATION_MODE = wholemodule;
				SWIFT_OPTIMIZATION_LEVEL = "-O";
				VALIDATE_PRODUCT = YES;
			};
			name = Release;
		};
		84CAD34120C4C219001D3152 /* Debug */ = {
			isa = XCBuildConfiguration;
			buildSettings = {
				ASSETCATALOG_COMPILER_APPICON_NAME = AppIcon;
				CODE_SIGN_STYLE = Automatic;
				INFOPLIST_FILE = 2018.06.04_1/Info.plist;
				LD_RUNPATH_SEARCH_PATHS = (
					"$(inherited)",
					"@executable_path/Frameworks",
				);
				PRODUCT_BUNDLE_IDENTIFIER = "iii.-018-06-04-1";
				PRODUCT_NAME = "$(TARGET_NAME)";
				SWIFT_VERSION = 4.0;
				TARGETED_DEVICE_FAMILY = "1,2";
			};
			name = Debug;
		};
		84CAD34220C4C219001D3152 /* Release */ = {
			isa = XCBuildConfiguration;
			buildSettings = {
				ASSETCATALOG_COMPILER_APPICON_NAME = AppIcon;
				CODE_SIGN_STYLE = Automatic;
				INFOPLIST_FILE = 2018.06.04_1/Info.plist;
				LD_RUNPATH_SEARCH_PATHS = (
					"$(inherited)",
					"@executable_path/Frameworks",
				);
				PRODUCT_BUNDLE_IDENTIFIER = "iii.-018-06-04-1";
				PRODUCT_NAME = "$(TARGET_NAME)";
				SWIFT_VERSION = 4.0;
				TARGETED_DEVICE_FAMILY = "1,2";
			};
			name = Release;
		};
/* End XCBuildConfiguration section */

/* Begin XCConfigurationList section */
		84CAD32920C4C218001D3152 /* Build configuration list for PBXProject "2018.06.04_1" */ = {
			isa = XCConfigurationList;
			buildConfigurations = (
				84CAD33E20C4C219001D3152 /* Debug */,
				84CAD33F20C4C219001D3152 /* Release */,
			);
			defaultConfigurationIsVisible = 0;
			defaultConfigurationName = Release;
		};
		84CAD34020C4C219001D3152 /* Build configuration list for PBXNativeTarget "2018.06.04_1" */ = {
			isa = XCConfigurationList;
			buildConfigurations = (
				84CAD34120C4C219001D3152 /* Debug */,
				84CAD34220C4C219001D3152 /* Release */,
			);
			defaultConfigurationIsVisible = 0;
			defaultConfigurationName = Release;
		};
/* End XCConfigurationList section */
	};
	rootObject = 84CAD32620C4C218001D3152 /* Project object */;
}
