// !$*UTF8*$!
{
	archiveVersion = 1;
	classes = {
	};
	objectVersion = 50;
	objects = {

/* Begin PBXBuildFile section */
		8439AA1420C76AD300810B9A /* AppDelegate.swift in Sources */ = {isa = PBXBuildFile; fileRef = 8439AA1320C76AD300810B9A /* AppDelegate.swift */; };
		8439AA1620C76AD300810B9A /* ViewController.swift in Sources */ = {isa = PBXBuildFile; fileRef = 8439AA1520C76AD300810B9A /* ViewController.swift */; };
		8439AA1920C76AD300810B9A /* Main.storyboard in Resources */ = {isa = PBXBuildFile; fileRef = 8439AA1720C76AD300810B9A /* Main.storyboard */; };
		8439AA1B20C76AD400810B9A /* Assets.xcassets in Resources */ = {isa = PBXBuildFile; fileRef = 8439AA1A20C76AD400810B9A /* Assets.xcassets */; };
		8439AA1E20C76AD400810B9A /* LaunchScreen.storyboard in Resources */ = {isa = PBXBuildFile; fileRef = 8439AA1C20C76AD400810B9A /* LaunchScreen.storyboard */; };
		8439AA2620C76FAA00810B9A /* myButton.swift in Sources */ = {isa = PBXBuildFile; fileRef = 8439AA2520C76FAA00810B9A /* myButton.swift */; };
		8439AA2A20C779D600810B9A /* Global.swift in Sources */ = {isa = PBXBuildFile; fileRef = 8439AA2920C779D600810B9A /* Global.swift */; };
		8439AA2C20C77F8E00810B9A /* MyLabel.swift in Sources */ = {isa = PBXBuildFile; fileRef = 8439AA2B20C77F8E00810B9A /* MyLabel.swift */; };
/* End PBXBuildFile section */

/* Begin PBXFileReference section */
		8439AA1020C76AD300810B9A /* 2018.06.06_1.app */ = {isa = PBXFileReference; explicitFileType = wrapper.application; includeInIndex = 0; path = 2018.06.06_1.app; sourceTree = BUILT_PRODUCTS_DIR; };
		8439AA1320C76AD300810B9A /* AppDelegate.swift */ = {isa = PBXFileReference; lastKnownFileType = sourcecode.swift; path = AppDelegate.swift; sourceTree = "<group>"; };
		8439AA1520C76AD300810B9A /* ViewController.swift */ = {isa = PBXFileReference; lastKnownFileType = sourcecode.swift; path = ViewController.swift; sourceTree = "<group>"; };
		8439AA1820C76AD300810B9A /* Base */ = {isa = PBXFileReference; lastKnownFileType = file.storyboard; name = Base; path = Base.lproj/Main.storyboard; sourceTree = "<group>"; };
		8439AA1A20C76AD400810B9A /* Assets.xcassets */ = {isa = PBXFileReference; lastKnownFileType = folder.assetcatalog; path = Assets.xcassets; sourceTree = "<group>"; };
		8439AA1D20C76AD400810B9A /* Base */ = {isa = PBXFileReference; lastKnownFileType = file.storyboard; name = Base; path = Base.lproj/LaunchScreen.storyboard; sourceTree = "<group>"; };
		8439AA1F20C76AD400810B9A /* Info.plist */ = {isa = PBXFileReference; lastKnownFileType = text.plist.xml; path = Info.plist; sourceTree = "<group>"; };
		8439AA2520C76FAA00810B9A /* myButton.swift */ = {isa = PBXFileReference; lastKnownFileType = sourcecode.swift; path = myButton.swift; sourceTree = "<group>"; };
		8439AA2920C779D600810B9A /* Global.swift */ = {isa = PBXFileReference; lastKnownFileType = sourcecode.swift; path = Global.swift; sourceTree = "<group>"; };
		8439AA2B20C77F8E00810B9A /* MyLabel.swift */ = {isa = PBXFileReference; lastKnownFileType = sourcecode.swift; path = MyLabel.swift; sourceTree = "<group>"; };
/* End PBXFileReference section */

/* Begin PBXFrameworksBuildPhase section */
		8439AA0D20C76AD300810B9A /* Frameworks */ = {
			isa = PBXFrameworksBuildPhase;
			buildActionMask = 2147483647;
			files = (
			);
			runOnlyForDeploymentPostprocessing = 0;
		};
/* End PBXFrameworksBuildPhase section */

/* Begin PBXGroup section */
		8439AA0720C76AD300810B9A = {
			isa = PBXGroup;
			children = (
				8439AA1220C76AD300810B9A /* 2018.06.06_1 */,
				8439AA1120C76AD300810B9A /* Products */,
			);
			sourceTree = "<group>";
		};
		8439AA1120C76AD300810B9A /* Products */ = {
			isa = PBXGroup;
			children = (
				8439AA1020C76AD300810B9A /* 2018.06.06_1.app */,
			);
			name = Products;
			sourceTree = "<group>";
		};
		8439AA1220C76AD300810B9A /* 2018.06.06_1 */ = {
			isa = PBXGroup;
			children = (
				8439AA1320C76AD300810B9A /* AppDelegate.swift */,
				8439AA1520C76AD300810B9A /* ViewController.swift */,
				8439AA1720C76AD300810B9A /* Main.storyboard */,
				8439AA1A20C76AD400810B9A /* Assets.xcassets */,
				8439AA1C20C76AD400810B9A /* LaunchScreen.storyboard */,
				8439AA1F20C76AD400810B9A /* Info.plist */,
				8439AA2520C76FAA00810B9A /* myButton.swift */,
				8439AA2920C779D600810B9A /* Global.swift */,
				8439AA2B20C77F8E00810B9A /* MyLabel.swift */,
			);
			path = 2018.06.06_1;
			sourceTree = "<group>";
		};
/* End PBXGroup section */

/* Begin PBXNativeTarget section */
		8439AA0F20C76AD300810B9A /* 2018.06.06_1 */ = {
			isa = PBXNativeTarget;
			buildConfigurationList = 8439AA2220C76AD400810B9A /* Build configuration list for PBXNativeTarget "2018.06.06_1" */;
			buildPhases = (
				8439AA0C20C76AD300810B9A /* Sources */,
				8439AA0D20C76AD300810B9A /* Frameworks */,
				8439AA0E20C76AD300810B9A /* Resources */,
			);
			buildRules = (
			);
			dependencies = (
			);
			name = 2018.06.06_1;
			productName = 2018.06.06_1;
			productReference = 8439AA1020C76AD300810B9A /* 2018.06.06_1.app */;
			productType = "com.apple.product-type.application";
		};
/* End PBXNativeTarget section */

/* Begin PBXProject section */
		8439AA0820C76AD300810B9A /* Project object */ = {
			isa = PBXProject;
			attributes = {
				LastSwiftUpdateCheck = 0940;
				LastUpgradeCheck = 0940;
				ORGANIZATIONNAME = admin;
				TargetAttributes = {
					8439AA0F20C76AD300810B9A = {
						CreatedOnToolsVersion = 9.4;
					};
				};
			};
			buildConfigurationList = 8439AA0B20C76AD300810B9A /* Build configuration list for PBXProject "2018.06.06_1" */;
			compatibilityVersion = "Xcode 9.3";
			developmentRegion = en;
			hasScannedForEncodings = 0;
			knownRegions = (
				en,
				Base,
			);
			mainGroup = 8439AA0720C76AD300810B9A;
			productRefGroup = 8439AA1120C76AD300810B9A /* Products */;
			projectDirPath = "";
			projectRoot = "";
			targets = (
				8439AA0F20C76AD300810B9A /* 2018.06.06_1 */,
			);
		};
/* End PBXProject section */

/* Begin PBXResourcesBuildPhase section */
		8439AA0E20C76AD300810B9A /* Resources */ = {
			isa = PBXResourcesBuildPhase;
			buildActionMask = 2147483647;
			files = (
				8439AA1E20C76AD400810B9A /* LaunchScreen.storyboard in Resources */,
				8439AA1B20C76AD400810B9A /* Assets.xcassets in Resources */,
				8439AA1920C76AD300810B9A /* Main.storyboard in Resources */,
			);
			runOnlyForDeploymentPostprocessing = 0;
		};
/* End PBXResourcesBuildPhase section */

/* Begin PBXSourcesBuildPhase section */
		8439AA0C20C76AD300810B9A /* Sources */ = {
			isa = PBXSourcesBuildPhase;
			buildActionMask = 2147483647;
			files = (
				8439AA2A20C779D600810B9A /* Global.swift in Sources */,
				8439AA1620C76AD300810B9A /* ViewController.swift in Sources */,
				8439AA2C20C77F8E00810B9A /* MyLabel.swift in Sources */,
				8439AA2620C76FAA00810B9A /* myButton.swift in Sources */,
				8439AA1420C76AD300810B9A /* AppDelegate.swift in Sources */,
			);
			runOnlyForDeploymentPostprocessing = 0;
		};
/* End PBXSourcesBuildPhase section */

/* Begin PBXVariantGroup section */
		8439AA1720C76AD300810B9A /* Main.storyboard */ = {
			isa = PBXVariantGroup;
			children = (
				8439AA1820C76AD300810B9A /* Base */,
			);
			name = Main.storyboard;
			sourceTree = "<group>";
		};
		8439AA1C20C76AD400810B9A /* LaunchScreen.storyboard */ = {
			isa = PBXVariantGroup;
			children = (
				8439AA1D20C76AD400810B9A /* Base */,
			);
			name = LaunchScreen.storyboard;
			sourceTree = "<group>";
		};
/* End PBXVariantGroup section */

/* Begin XCBuildConfiguration section */
		8439AA2020C76AD400810B9A /* Debug */ = {
			isa = XCBuildConfiguration;
			buildSettings = {
				ALWAYS_SEARCH_USER_PATHS = NO;
				CLANG_ANALYZER_NONNULL = YES;
				CLANG_ANALYZER_NUMBER_OBJECT_CONVERSION = YES_AGGRESSIVE;
				CLANG_CXX_LANGUAGE_STANDARD = "gnu++14";
				CLANG_CXX_LIBRARY = "libc++";
				CLANG_ENABLE_MODULES = YES;
				CLANG_ENABLE_OBJC_ARC = YES;
				CLANG_ENABLE_OBJC_WEAK = YES;
				CLANG_WARN_BLOCK_CAPTURE_AUTORELEASING = YES;
				CLANG_WARN_BOOL_CONVERSION = YES;
				CLANG_WARN_COMMA = YES;
				CLANG_WARN_CONSTANT_CONVERSION = YES;
				CLANG_WARN_DEPRECATED_OBJC_IMPLEMENTATIONS = YES;
				CLANG_WARN_DIRECT_OBJC_ISA_USAGE = YES_ERROR;
				CLANG_WARN_DOCUMENTATION_COMMENTS = YES;
				CLANG_WARN_EMPTY_BODY = YES;
				CLANG_WARN_ENUM_CONVERSION = YES;
				CLANG_WARN_INFINITE_RECURSION = YES;
				CLANG_WARN_INT_CONVERSION = YES;
				CLANG_WARN_NON_LITERAL_NULL_CONVERSION = YES;
				CLANG_WARN_OBJC_IMPLICIT_RETAIN_SELF = YES;
				CLANG_WARN_OBJC_LITERAL_CONVERSION = YES;
				CLANG_WARN_OBJC_ROOT_CLASS = YES_ERROR;
				CLANG_WARN_RANGE_LOOP_ANALYSIS = YES;
				CLANG_WARN_STRICT_PROTOTYPES = YES;
				CLANG_WARN_SUSPICIOUS_MOVE = YES;
				CLANG_WARN_UNGUARDED_AVAILABILITY = YES_AGGRESSIVE;
				CLANG_WARN_UNREACHABLE_CODE = YES;
				CLANG_WARN__DUPLICATE_METHOD_MATCH = YES;
				CODE_SIGN_IDENTITY = "iPhone Developer";
				COPY_PHASE_STRIP = NO;
				DEBUG_INFORMATION_FORMAT = dwarf;
				ENABLE_STRICT_OBJC_MSGSEND = YES;
				ENABLE_TESTABILITY = YES;
				GCC_C_LANGUAGE_STANDARD = gnu11;
				GCC_DYNAMIC_NO_PIC = NO;
				GCC_NO_COMMON_BLOCKS = YES;
				GCC_OPTIMIZATION_LEVEL = 0;
				GCC_PREPROCESSOR_DEFINITIONS = (
					"DEBUG=1",
					"$(inherited)",
				);
				GCC_WARN_64_TO_32_BIT_CONVERSION = YES;
				GCC_WARN_ABOUT_RETURN_TYPE = YES_ERROR;
				GCC_WARN_UNDECLARED_SELECTOR = YES;
				GCC_WARN_UNINITIALIZED_AUTOS = YES_AGGRESSIVE;
				GCC_WARN_UNUSED_FUNCTION = YES;
				GCC_WARN_UNUSED_VARIABLE = YES;
				IPHONEOS_DEPLOYMENT_TARGET = 11.4;
				MTL_ENABLE_DEBUG_INFO = YES;
				ONLY_ACTIVE_ARCH = YES;
				SDKROOT = iphoneos;
				SWIFT_ACTIVE_COMPILATION_CONDITIONS = DEBUG;
				SWIFT_OPTIMIZATION_LEVEL = "-Onone";
			};
			name = Debug;
		};
		8439AA2120C76AD400810B9A /* Release */ = {
			isa = XCBuildConfiguration;
			buildSettings = {
				ALWAYS_SEARCH_USER_PATHS = NO;
				CLANG_ANALYZER_NONNULL = YES;
				CLANG_ANALYZER_NUMBER_OBJECT_CONVERSION = YES_AGGRESSIVE;
				CLANG_CXX_LANGUAGE_STANDARD = "gnu++14";
				CLANG_CXX_LIBRARY = "libc++";
				CLANG_ENABLE_MODULES = YES;
				CLANG_ENABLE_OBJC_ARC = YES;
				CLANG_ENABLE_OBJC_WEAK = YES;
				CLANG_WARN_BLOCK_CAPTURE_AUTORELEASING = YES;
				CLANG_WARN_BOOL_CONVERSION = YES;
				CLANG_WARN_COMMA = YES;
				CLANG_WARN_CONSTANT_CONVERSION = YES;
				CLANG_WARN_DEPRECATED_OBJC_IMPLEMENTATIONS = YES;
				CLANG_WARN_DIRECT_OBJC_ISA_USAGE = YES_ERROR;
				CLANG_WARN_DOCUMENTATION_COMMENTS = YES;
				CLANG_WARN_EMPTY_BODY = YES;
				CLANG_WARN_ENUM_CONVERSION = YES;
				CLANG_WARN_INFINITE_RECURSION = YES;
				CLANG_WARN_INT_CONVERSION = YES;
				CLANG_WARN_NON_LITERAL_NULL_CONVERSION = YES;
				CLANG_WARN_OBJC_IMPLICIT_RETAIN_SELF = YES;
				CLANG_WARN_OBJC_LITERAL_CONVERSION = YES;
				CLANG_WARN_OBJC_ROOT_CLASS = YES_ERROR;
				CLANG_WARN_RANGE_LOOP_ANALYSIS = YES;
				CLANG_WARN_STRICT_PROTOTYPES = YES;
				CLANG_WARN_SUSPICIOUS_MOVE = YES;
				CLANG_WARN_UNGUARDED_AVAILABILITY = YES_AGGRESSIVE;
				CLANG_WARN_UNREACHABLE_CODE = YES;
				CLANG_WARN__DUPLICATE_METHOD_MATCH = YES;
				CODE_SIGN_IDENTITY = "iPhone Developer";
				COPY_PHASE_STRIP = NO;
				DEBUG_INFORMATION_FORMAT = "dwarf-with-dsym";
				ENABLE_NS_ASSERTIONS = NO;
				ENABLE_STRICT_OBJC_MSGSEND = YES;
				GCC_C_LANGUAGE_STANDARD = gnu11;
				GCC_NO_COMMON_BLOCKS = YES;
				GCC_WARN_64_TO_32_BIT_CONVERSION = YES;
				GCC_WARN_ABOUT_RETURN_TYPE = YES_ERROR;
				GCC_WARN_UNDECLARED_SELECTOR = YES;
				GCC_WARN_UNINITIALIZED_AUTOS = YES_AGGRESSIVE;
				GCC_WARN_UNUSED_FUNCTION = YES;
				GCC_WARN_UNUSED_VARIABLE = YES;
				IPHONEOS_DEPLOYMENT_TARGET = 11.4;
				MTL_ENABLE_DEBUG_INFO = NO;
				SDKROOT = iphoneos;
				SWIFT_COMPILATION_MODE = wholemodule;
				SWIFT_OPTIMIZATION_LEVEL = "-O";
				VALIDATE_PRODUCT = YES;
			};
			name = Release;
		};
		8439AA2320C76AD400810B9A /* Debug */ = {
			isa = XCBuildConfiguration;
			buildSettings = {
				ASSETCATALOG_COMPILER_APPICON_NAME = AppIcon;
				CODE_SIGN_STYLE = Automatic;
				INFOPLIST_FILE = 2018.06.06_1/Info.plist;
				LD_RUNPATH_SEARCH_PATHS = (
					"$(inherited)",
					"@executable_path/Frameworks",
				);
				PRODUCT_BUNDLE_IDENTIFIER = "iii.-018-06-06-1";
				PRODUCT_NAME = "$(TARGET_NAME)";
				SWIFT_VERSION = 4.0;
				TARGETED_DEVICE_FAMILY = "1,2";
			};
			name = Debug;
		};
		8439AA2420C76AD400810B9A /* Release */ = {
			isa = XCBuildConfiguration;
			buildSettings = {
				ASSETCATALOG_COMPILER_APPICON_NAME = AppIcon;
				CODE_SIGN_STYLE = Automatic;
				INFOPLIST_FILE = 2018.06.06_1/Info.plist;
				LD_RUNPATH_SEARCH_PATHS = (
					"$(inherited)",
					"@executable_path/Frameworks",
				);
				PRODUCT_BUNDLE_IDENTIFIER = "iii.-018-06-06-1";
				PRODUCT_NAME = "$(TARGET_NAME)";
				SWIFT_VERSION = 4.0;
				TARGETED_DEVICE_FAMILY = "1,2";
			};
			name = Release;
		};
/* End XCBuildConfiguration section */

/* Begin XCConfigurationList section */
		8439AA0B20C76AD300810B9A /* Build configuration list for PBXProject "2018.06.06_1" */ = {
			isa = XCConfigurationList;
			buildConfigurations = (
				8439AA2020C76AD400810B9A /* Debug */,
				8439AA2120C76AD400810B9A /* Release */,
			);
			defaultConfigurationIsVisible = 0;
			defaultConfigurationName = Release;
		};
		8439AA2220C76AD400810B9A /* Build configuration list for PBXNativeTarget "2018.06.06_1" */ = {
			isa = XCConfigurationList;
			buildConfigurations = (
				8439AA2320C76AD400810B9A /* Debug */,
				8439AA2420C76AD400810B9A /* Release */,
			);
			defaultConfigurationIsVisible = 0;
			defaultConfigurationName = Release;
		};
/* End XCConfigurationList section */
	};
	rootObject = 8439AA0820C76AD300810B9A /* Project object */;
}
